
Microsoft Visual Studio Solution File, Format Version 12.00
# Visual Studio Version 17
VisualStudioVersion = 17.7.34302.85
MinimumVisualStudioVersion = 10.0.40219.1
Project("{FAE04EC0-301F-11D3-BF4B-00C04F79EFBC}") = "ReactAspCrud", "ReactAspCrud\ReactAspCrud.csproj", "{C7A419B8-AB6F-4C85-B630-92974E604F47}"
EndProject
Global
	GlobalSection(SolutionConfigurationPlatforms) = preSolution
		Debug|Any CPU = Debug|Any CPU
		Release|Any CPU = Release|Any CPU
	EndGlobalSection
	GlobalSection(ProjectConfigurationPlatforms) = postSolution
		{C7A419B8-AB6F-4C85-B630-92974E604F47}.Debug|Any CPU.ActiveCfg = Debug|Any CPU
		{C7A419B8-AB6F-4C85-B630-92974E604F47}.Debug|Any CPU.Build.0 = Debug|Any CPU
		{C7A419B8-AB6F-4C85-B630-92974E604F47}.Release|Any CPU.ActiveCfg = Release|Any CPU
		{C7A419B8-AB6F-4C85-B630-92974E604F47}.Release|Any CPU.Build.0 = Release|Any CPU
	EndGlobalSection
	GlobalSection(SolutionProperties) = preSolution
		HideSolutionNode = FALSE
	EndGlobalSection
	GlobalSection(ExtensibilityGlobals) = postSolution
		SolutionGuid = {20A57370-08B7-41D1-A727-4B6400393493}
	EndGlobalSection
EndGlobal
